
Microsoft Visual Studio Solution File, Format Version 11.00
# Visual C# Express 2010
Project("{FAE04EC0-301F-11D3-BF4B-00C04F79EFBC}") = "XMLDelmia", "XMLDelmia\XMLDelmia.csproj", "{AF594941-BE40-4DA9-AEAF-4FDF19DA9656}"
EndProject
Global
	GlobalSection(SolutionConfigurationPlatforms) = preSolution
		Debug|x86 = Debug|x86
		Release|x86 = Release|x86
	EndGlobalSection
	GlobalSection(ProjectConfigurationPlatforms) = postSolution
		{AF594941-BE40-4DA9-AEAF-4FDF19DA9656}.Debug|x86.ActiveCfg = Debug|x86
		{AF594941-BE40-4DA9-AEAF-4FDF19DA9656}.Debug|x86.Build.0 = Debug|x86
		{AF594941-BE40-4DA9-AEAF-4FDF19DA9656}.Release|x86.ActiveCfg = Release|x86
		{AF594941-BE40-4DA9-AEAF-4FDF19DA9656}.Release|x86.Build.0 = Release|x86
	EndGlobalSection
	GlobalSection(SolutionProperties) = preSolution
		HideSolutionNode = FALSE
	EndGlobalSection
EndGlobal
